// !$*UTF8*$!
{
	archiveVersion = 1;
	classes = {
	};
	objectVersion = 46;
	objects = {

/* Begin PBXBuildFile section */
		B64C923A1B75547400AD96BC /* main.m in Sources */ = {isa = PBXBuildFile; fileRef = B64C92391B75547400AD96BC /* main.m */; };
		B64C92421B7554DA00AD96BC /* Lawyer.m in Sources */ = {isa = PBXBuildFile; fileRef = B64C92411B7554DA00AD96BC /* Lawyer.m */; };
		B64C92451B75558500AD96BC /* Practice.m in Sources */ = {isa = PBXBuildFile; fileRef = B64C92441B75558500AD96BC /* Practice.m */; };
		B64C92481B755E3500AD96BC /* Client.m in Sources */ = {isa = PBXBuildFile; fileRef = B64C92471B755E3500AD96BC /* Client.m */; };
		B64C924B1B76322700AD96BC /* Associate.m in Sources */ = {isa = PBXBuildFile; fileRef = B64C924A1B76322700AD96BC /* Associate.m */; };
/* End PBXBuildFile section */

/* Begin PBXCopyFilesBuildPhase section */
		B64C92341B75547400AD96BC /* CopyFiles */ = {
			isa = PBXCopyFilesBuildPhase;
			buildActionMask = 2147483647;
			dstPath = /usr/share/man/man1/;
			dstSubfolderSpec = 0;
			files = (
			);
			runOnlyForDeploymentPostprocessing = 1;
		};
/* End PBXCopyFilesBuildPhase section */

/* Begin PBXFileReference section */
		B64C92361B75547400AD96BC /* LawerUp */ = {isa = PBXFileReference; explicitFileType = "compiled.mach-o.executable"; includeInIndex = 0; path = LawerUp; sourceTree = BUILT_PRODUCTS_DIR; };
		B64C92391B75547400AD96BC /* main.m */ = {isa = PBXFileReference; lastKnownFileType = sourcecode.c.objc; path = main.m; sourceTree = "<group>"; };
		B64C92401B7554DA00AD96BC /* Lawyer.h */ = {isa = PBXFileReference; fileEncoding = 4; lastKnownFileType = sourcecode.c.h; path = Lawyer.h; sourceTree = "<group>"; };
		B64C92411B7554DA00AD96BC /* Lawyer.m */ = {isa = PBXFileReference; fileEncoding = 4; lastKnownFileType = sourcecode.c.objc; path = Lawyer.m; sourceTree = "<group>"; };
		B64C92431B75558500AD96BC /* Practice.h */ = {isa = PBXFileReference; fileEncoding = 4; lastKnownFileType = sourcecode.c.h; path = Practice.h; sourceTree = "<group>"; };
		B64C92441B75558500AD96BC /* Practice.m */ = {isa = PBXFileReference; fileEncoding = 4; lastKnownFileType = sourcecode.c.objc; path = Practice.m; sourceTree = "<group>"; };
		B64C92461B755E3500AD96BC /* Client.h */ = {isa = PBXFileReference; fileEncoding = 4; lastKnownFileType = sourcecode.c.h; path = Client.h; sourceTree = "<group>"; };
		B64C92471B755E3500AD96BC /* Client.m */ = {isa = PBXFileReference; fileEncoding = 4; lastKnownFileType = sourcecode.c.objc; path = Client.m; sourceTree = "<group>"; };
		B64C92491B76322700AD96BC /* Associate.h */ = {isa = PBXFileReference; fileEncoding = 4; lastKnownFileType = sourcecode.c.h; path = Associate.h; sourceTree = "<group>"; };
		B64C924A1B76322700AD96BC /* Associate.m */ = {isa = PBXFileReference; fileEncoding = 4; lastKnownFileType = sourcecode.c.objc; path = Associate.m; sourceTree = "<group>"; };
/* End PBXFileReference section */

/* Begin PBXFrameworksBuildPhase section */
		B64C92331B75547400AD96BC /* Frameworks */ = {
			isa = PBXFrameworksBuildPhase;
			buildActionMask = 2147483647;
			files = (
			);
			runOnlyForDeploymentPostprocessing = 0;
		};
/* End PBXFrameworksBuildPhase section */

/* Begin PBXGroup section */
		B64C922D1B75547400AD96BC = {
			isa = PBXGroup;
			children = (
				B64C92381B75547400AD96BC /* LawerUp */,
				B64C92371B75547400AD96BC /* Products */,
			);
			sourceTree = "<group>";
		};
		B64C92371B75547400AD96BC /* Products */ = {
			isa = PBXGroup;
			children = (
				B64C92361B75547400AD96BC /* LawerUp */,
			);
			name = Products;
			sourceTree = "<group>";
		};
		B64C92381B75547400AD96BC /* LawerUp */ = {
			isa = PBXGroup;
			children = (
				B64C92391B75547400AD96BC /* main.m */,
				B64C92401B7554DA00AD96BC /* Lawyer.h */,
				B64C92411B7554DA00AD96BC /* Lawyer.m */,
				B64C92431B75558500AD96BC /* Practice.h */,
				B64C92441B75558500AD96BC /* Practice.m */,
				B64C92461B755E3500AD96BC /* Client.h */,
				B64C92471B755E3500AD96BC /* Client.m */,
				B64C92491B76322700AD96BC /* Associate.h */,
				B64C924A1B76322700AD96BC /* Associate.m */,
			);
			path = LawerUp;
			sourceTree = "<group>";
		};
/* End PBXGroup section */

/* Begin PBXNativeTarget section */
		B64C92351B75547400AD96BC /* LawerUp */ = {
			isa = PBXNativeTarget;
			buildConfigurationList = B64C923D1B75547400AD96BC /* Build configuration list for PBXNativeTarget "LawerUp" */;
			buildPhases = (
				B64C92321B75547400AD96BC /* Sources */,
				B64C92331B75547400AD96BC /* Frameworks */,
				B64C92341B75547400AD96BC /* CopyFiles */,
			);
			buildRules = (
			);
			dependencies = (
			);
			name = LawerUp;
			productName = LawerUp;
			productReference = B64C92361B75547400AD96BC /* LawerUp */;
			productType = "com.apple.product-type.tool";
		};
/* End PBXNativeTarget section */

/* Begin PBXProject section */
		B64C922E1B75547400AD96BC /* Project object */ = {
			isa = PBXProject;
			attributes = {
				LastUpgradeCheck = 0640;
				ORGANIZATIONNAME = "Arsalan Vakili";
				TargetAttributes = {
					B64C92351B75547400AD96BC = {
						CreatedOnToolsVersion = 6.4;
					};
				};
			};
			buildConfigurationList = B64C92311B75547400AD96BC /* Build configuration list for PBXProject "LawerUp" */;
			compatibilityVersion = "Xcode 3.2";
			developmentRegion = English;
			hasScannedForEncodings = 0;
			knownRegions = (
				en,
			);
			mainGroup = B64C922D1B75547400AD96BC;
			productRefGroup = B64C92371B75547400AD96BC /* Products */;
			projectDirPath = "";
			projectRoot = "";
			targets = (
				B64C92351B75547400AD96BC /* LawerUp */,
			);
		};
/* End PBXProject section */

/* Begin PBXSourcesBuildPhase section */
		B64C92321B75547400AD96BC /* Sources */ = {
			isa = PBXSourcesBuildPhase;
			buildActionMask = 2147483647;
			files = (
				B64C92451B75558500AD96BC /* Practice.m in Sources */,
				B64C923A1B75547400AD96BC /* main.m in Sources */,
				B64C92481B755E3500AD96BC /* Client.m in Sources */,
				B64C924B1B76322700AD96BC /* Associate.m in Sources */,
				B64C92421B7554DA00AD96BC /* Lawyer.m in Sources */,
			);
			runOnlyForDeploymentPostprocessing = 0;
		};
/* End PBXSourcesBuildPhase section */

/* Begin XCBuildConfiguration section */
		B64C923B1B75547400AD96BC /* Debug */ = {
			isa = XCBuildConfiguration;
			buildSettings = {
				ALWAYS_SEARCH_USER_PATHS = NO;
				CLANG_CXX_LANGUAGE_STANDARD = "gnu++0x";
				CLANG_CXX_LIBRARY = "libc++";
				CLANG_ENABLE_MODULES = YES;
				CLANG_ENABLE_OBJC_ARC = YES;
				CLANG_WARN_BOOL_CONVERSION = YES;
				CLANG_WARN_CONSTANT_CONVERSION = YES;
				CLANG_WARN_DIRECT_OBJC_ISA_USAGE = YES_ERROR;
				CLANG_WARN_EMPTY_BODY = YES;
				CLANG_WARN_ENUM_CONVERSION = YES;
				CLANG_WARN_INT_CONVERSION = YES;
				CLANG_WARN_OBJC_ROOT_CLASS = YES_ERROR;
				CLANG_WARN_UNREACHABLE_CODE = YES;
				CLANG_WARN__DUPLICATE_METHOD_MATCH = YES;
				COPY_PHASE_STRIP = NO;
				DEBUG_INFORMATION_FORMAT = dwarf;
				ENABLE_STRICT_OBJC_MSGSEND = YES;
				GCC_C_LANGUAGE_STANDARD = gnu99;
				GCC_DYNAMIC_NO_PIC = NO;
				GCC_NO_COMMON_BLOCKS = YES;
				GCC_OPTIMIZATION_LEVEL = 0;
				GCC_PREPROCESSOR_DEFINITIONS = (
					"DEBUG=1",
					"$(inherited)",
				);
				GCC_SYMBOLS_PRIVATE_EXTERN = NO;
				GCC_WARN_64_TO_32_BIT_CONVERSION = YES;
				GCC_WARN_ABOUT_RETURN_TYPE = YES_ERROR;
				GCC_WARN_UNDECLARED_SELECTOR = YES;
				GCC_WARN_UNINITIALIZED_AUTOS = YES_AGGRESSIVE;
				GCC_WARN_UNUSED_FUNCTION = YES;
				GCC_WARN_UNUSED_VARIABLE = YES;
				MACOSX_DEPLOYMENT_TARGET = 10.10;
				MTL_ENABLE_DEBUG_INFO = YES;
				ONLY_ACTIVE_ARCH = YES;
				SDKROOT = macosx;
			};
			name = Debug;
		};
		B64C923C1B75547400AD96BC /* Release */ = {
			isa = XCBuildConfiguration;
			buildSettings = {
				ALWAYS_SEARCH_USER_PATHS = NO;
				CLANG_CXX_LANGUAGE_STANDARD = "gnu++0x";
				CLANG_CXX_LIBRARY = "libc++";
				CLANG_ENABLE_MODULES = YES;
				CLANG_ENABLE_OBJC_ARC = YES;
				CLANG_WARN_BOOL_CONVERSION = YES;
				CLANG_WARN_CONSTANT_CONVERSION = YES;
				CLANG_WARN_DIRECT_OBJC_ISA_USAGE = YES_ERROR;
				CLANG_WARN_EMPTY_BODY = YES;
				CLANG_WARN_ENUM_CONVERSION = YES;
				CLANG_WARN_INT_CONVERSION = YES;
				CLANG_WARN_OBJC_ROOT_CLASS = YES_ERROR;
				CLANG_WARN_UNREACHABLE_CODE = YES;
				CLANG_WARN__DUPLICATE_METHOD_MATCH = YES;
				COPY_PHASE_STRIP = NO;
				DEBUG_INFORMATION_FORMAT = "dwarf-with-dsym";
				ENABLE_NS_ASSERTIONS = NO;
				ENABLE_STRICT_OBJC_MSGSEND = YES;
				GCC_C_LANGUAGE_STANDARD = gnu99;
				GCC_NO_COMMON_BLOCKS = YES;
				GCC_WARN_64_TO_32_BIT_CONVERSION = YES;
				GCC_WARN_ABOUT_RETURN_TYPE = YES_ERROR;
				GCC_WARN_UNDECLARED_SELECTOR = YES;
				GCC_WARN_UNINITIALIZED_AUTOS = YES_AGGRESSIVE;
				GCC_WARN_UNUSED_FUNCTION = YES;
				GCC_WARN_UNUSED_VARIABLE = YES;
				MACOSX_DEPLOYMENT_TARGET = 10.10;
				MTL_ENABLE_DEBUG_INFO = NO;
				SDKROOT = macosx;
			};
			name = Release;
		};
		B64C923E1B75547400AD96BC /* Debug */ = {
			isa = XCBuildConfiguration;
			buildSettings = {
				PRODUCT_NAME = "$(TARGET_NAME)";
			};
			name = Debug;
		};
		B64C923F1B75547400AD96BC /* Release */ = {
			isa = XCBuildConfiguration;
			buildSettings = {
				PRODUCT_NAME = "$(TARGET_NAME)";
			};
			name = Release;
		};
/* End XCBuildConfiguration section */

/* Begin XCConfigurationList section */
		B64C92311B75547400AD96BC /* Build configuration list for PBXProject "LawerUp" */ = {
			isa = XCConfigurationList;
			buildConfigurations = (
				B64C923B1B75547400AD96BC /* Debug */,
				B64C923C1B75547400AD96BC /* Release */,
			);
			defaultConfigurationIsVisible = 0;
			defaultConfigurationName = Release;
		};
		B64C923D1B75547400AD96BC /* Build configuration list for PBXNativeTarget "LawerUp" */ = {
			isa = XCConfigurationList;
			buildConfigurations = (
				B64C923E1B75547400AD96BC /* Debug */,
				B64C923F1B75547400AD96BC /* Release */,
			);
			defaultConfigurationIsVisible = 0;
		};
/* End XCConfigurationList section */
	};
	rootObject = B64C922E1B75547400AD96BC /* Project object */;
}
